
Microsoft Visual Studio Solution File, Format Version 12.00
# Visual Studio 15
VisualStudioVersion = 15.0.27130.2010
MinimumVisualStudioVersion = 10.0.40219.1
Project("{FAE04EC0-301F-11D3-BF4B-00C04F79EFBC}") = "ClassJoural", "ClassJoural\ClassJoural.csproj", "{FAA9B256-8D73-4E6E-91E8-95AB53FF97B3}"
EndProject
Global
	GlobalSection(SolutionConfigurationPlatforms) = preSolution
		Debug|Any CPU = Debug|Any CPU
		Release|Any CPU = Release|Any CPU
	EndGlobalSection
	GlobalSection(ProjectConfigurationPlatforms) = postSolution
		{FAA9B256-8D73-4E6E-91E8-95AB53FF97B3}.Debug|Any CPU.ActiveCfg = Debug|Any CPU
		{FAA9B256-8D73-4E6E-91E8-95AB53FF97B3}.Debug|Any CPU.Build.0 = Debug|Any CPU
		{FAA9B256-8D73-4E6E-91E8-95AB53FF97B3}.Release|Any CPU.ActiveCfg = Release|Any CPU
		{FAA9B256-8D73-4E6E-91E8-95AB53FF97B3}.Release|Any CPU.Build.0 = Release|Any CPU
	EndGlobalSection
	GlobalSection(SolutionProperties) = preSolution
		HideSolutionNode = FALSE
	EndGlobalSection
	GlobalSection(ExtensibilityGlobals) = postSolution
		SolutionGuid = {53CE7C25-D159-45F3-A191-FB45B79AF99D}
	EndGlobalSection
EndGlobal
